
Microsoft Visual Studio Solution File, Format Version 12.00
# Visual Studio Version 17
VisualStudioVersion = 17.14.36915.13 d17.14
MinimumVisualStudioVersion = 10.0.40219.1
Project("{FAE04EC0-301F-11D3-BF4B-00C04F79EFBC}") = "LabExpert", "LabExpert.csproj", "{242F9F92-FC58-44EF-8026-F83B4461F746}"
EndProject
Global
	GlobalSection(SolutionConfigurationPlatforms) = preSolution
		Debug|Any CPU = Debug|Any CPU
		Release|Any CPU = Release|Any CPU
	EndGlobalSection
	GlobalSection(ProjectConfigurationPlatforms) = postSolution
		{242F9F92-FC58-44EF-8026-F83B4461F746}.Debug|Any CPU.ActiveCfg = Debug|Any CPU
		{242F9F92-FC58-44EF-8026-F83B4461F746}.Debug|Any CPU.Build.0 = Debug|Any CPU
		{242F9F92-FC58-44EF-8026-F83B4461F746}.Release|Any CPU.ActiveCfg = Release|Any CPU
		{242F9F92-FC58-44EF-8026-F83B4461F746}.Release|Any CPU.Build.0 = Release|Any CPU
	EndGlobalSection
	GlobalSection(SolutionProperties) = preSolution
		HideSolutionNode = FALSE
	EndGlobalSection
	GlobalSection(ExtensibilityGlobals) = postSolution
		SolutionGuid = {4C1E3E35-3C93-49A2-8026-CA8FD9AFCFC1}
	EndGlobalSection
EndGlobal
